
Microsoft Visual Studio Solution File, Format Version 12.00
# Visual Studio Version 17
VisualStudioVersion = 17.10.34916.146
MinimumVisualStudioVersion = 10.0.40219.1
Project("{FAE04EC0-301F-11D3-BF4B-00C04F79EFBC}") = "ToDoCalendarControl.WPF", "ToDoCalendarControl\ToDoCalendarControl.WPF.csproj", "{66656B9A-F8E3-FCCF-1B6F-9750BB919EEE}"
EndProject
Project("{FAE04EC0-301F-11D3-BF4B-00C04F79EFBC}") = "ToDoCalendar.WPF", "ToDoCalendar.WPF\ToDoCalendar.WPF.csproj", "{64CCF1A5-641A-6558-4D17-33076D1B7E80}"
EndProject
Global
	GlobalSection(SolutionConfigurationPlatforms) = preSolution
		Debug|Any CPU = Debug|Any CPU
		Release|Any CPU = Release|Any CPU
	EndGlobalSection
	GlobalSection(ProjectConfigurationPlatforms) = postSolution
		{66656B9A-F8E3-FCCF-1B6F-9750BB919EEE}.Debug|Any CPU.ActiveCfg = Debug|Any CPU
		{66656B9A-F8E3-FCCF-1B6F-9750BB919EEE}.Debug|Any CPU.Build.0 = Debug|Any CPU
		{66656B9A-F8E3-FCCF-1B6F-9750BB919EEE}.Release|Any CPU.ActiveCfg = Release|Any CPU
		{66656B9A-F8E3-FCCF-1B6F-9750BB919EEE}.Release|Any CPU.Build.0 = Release|Any CPU
		{64CCF1A5-641A-6558-4D17-33076D1B7E80}.Debug|Any CPU.ActiveCfg = Debug|Any CPU
		{64CCF1A5-641A-6558-4D17-33076D1B7E80}.Debug|Any CPU.Build.0 = Debug|Any CPU
		{64CCF1A5-641A-6558-4D17-33076D1B7E80}.Release|Any CPU.ActiveCfg = Release|Any CPU
		{64CCF1A5-641A-6558-4D17-33076D1B7E80}.Release|Any CPU.Build.0 = Release|Any CPU
	EndGlobalSection
	GlobalSection(SolutionProperties) = preSolution
		HideSolutionNode = FALSE
	EndGlobalSection
	GlobalSection(ExtensibilityGlobals) = postSolution
		SolutionGuid = {AF07C707-C5A1-437D-AB13-321BBD9BAF9C}
	EndGlobalSection
EndGlobal
