
Microsoft Visual Studio Solution File, Format Version 12.00
# Visual Studio Version 17
VisualStudioVersion = 17.10.34916.146
MinimumVisualStudioVersion = 10.0.40219.1
Project("{FAE04EC0-301F-11D3-BF4B-00C04F79EFBC}") = "ToDoCalendar.Browser", "ToDoCalendar.Browser\ToDoCalendar.Browser.csproj", "{50137700-F9C6-4413-9040-A614DA18E293}"
EndProject
Project("{FAE04EC0-301F-11D3-BF4B-00C04F79EFBC}") = "ToDoCalendar", "ToDoCalendar\ToDoCalendar.csproj", "{438CEAFA-AACB-46C7-AE2B-15C0EEBD28C1}"
EndProject
Project("{FAE04EC0-301F-11D3-BF4B-00C04F79EFBC}") = "ToDoCalendar.Simulator", "ToDoCalendar.Simulator\ToDoCalendar.Simulator.csproj", "{BCAB0332-038E-49C8-8088-6EEBD0E87A3B}"
EndProject
Project("{FAE04EC0-301F-11D3-BF4B-00C04F79EFBC}") = "ToDoCalendarControl", "ToDoCalendarControl\ToDoCalendarControl.csproj", "{0592F258-6458-4D75-AB0D-27C92E189AE0}"
EndProject
Global
	GlobalSection(SolutionConfigurationPlatforms) = preSolution
		Debug|Any CPU = Debug|Any CPU
		Release|Any CPU = Release|Any CPU
	EndGlobalSection
	GlobalSection(ProjectConfigurationPlatforms) = postSolution
		{50137700-F9C6-4413-9040-A614DA18E293}.Debug|Any CPU.ActiveCfg = Debug|Any CPU
		{50137700-F9C6-4413-9040-A614DA18E293}.Debug|Any CPU.Build.0 = Debug|Any CPU
		{50137700-F9C6-4413-9040-A614DA18E293}.Release|Any CPU.ActiveCfg = Release|Any CPU
		{50137700-F9C6-4413-9040-A614DA18E293}.Release|Any CPU.Build.0 = Release|Any CPU
		{438CEAFA-AACB-46C7-AE2B-15C0EEBD28C1}.Debug|Any CPU.ActiveCfg = Debug|Any CPU
		{438CEAFA-AACB-46C7-AE2B-15C0EEBD28C1}.Debug|Any CPU.Build.0 = Debug|Any CPU
		{438CEAFA-AACB-46C7-AE2B-15C0EEBD28C1}.Release|Any CPU.ActiveCfg = Release|Any CPU
		{438CEAFA-AACB-46C7-AE2B-15C0EEBD28C1}.Release|Any CPU.Build.0 = Release|Any CPU
		{BCAB0332-038E-49C8-8088-6EEBD0E87A3B}.Debug|Any CPU.ActiveCfg = Debug|Any CPU
		{BCAB0332-038E-49C8-8088-6EEBD0E87A3B}.Debug|Any CPU.Build.0 = Debug|Any CPU
		{BCAB0332-038E-49C8-8088-6EEBD0E87A3B}.Release|Any CPU.ActiveCfg = Release|Any CPU
		{BCAB0332-038E-49C8-8088-6EEBD0E87A3B}.Release|Any CPU.Build.0 = Release|Any CPU
		{0592F258-6458-4D75-AB0D-27C92E189AE0}.Debug|Any CPU.ActiveCfg = Debug|Any CPU
		{0592F258-6458-4D75-AB0D-27C92E189AE0}.Debug|Any CPU.Build.0 = Debug|Any CPU
		{0592F258-6458-4D75-AB0D-27C92E189AE0}.Release|Any CPU.ActiveCfg = Release|Any CPU
		{0592F258-6458-4D75-AB0D-27C92E189AE0}.Release|Any CPU.Build.0 = Release|Any CPU
	EndGlobalSection
	GlobalSection(SolutionProperties) = preSolution
		HideSolutionNode = FALSE
	EndGlobalSection
	GlobalSection(ExtensibilityGlobals) = postSolution
		SolutionGuid = {AF07C707-C5A1-437D-AB13-321BBD9BAF9C}
	EndGlobalSection
EndGlobal
